
Microsoft Visual Studio Solution File, Format Version 12.00
# Visual Studio Version 17
VisualStudioVersion = 17.0.31903.59
MinimumVisualStudioVersion = 10.0.40219.1
Project("{9A19103F-16F7-4668-BE54-9A1E7A4F7556}") = "DelOutdatedFiles", "src\DelOutdatedFiles\DelOutdatedFiles.csproj", "{58D4BCBA-A85B-4242-8EC5-D891E714CE51}"
EndProject
Global
	GlobalSection(SolutionConfigurationPlatforms) = preSolution
		Debug|Any CPU = Debug|Any CPU
		Release|Any CPU = Release|Any CPU
	EndGlobalSection
	GlobalSection(ProjectConfigurationPlatforms) = postSolution
		{58D4BCBA-A85B-4242-8EC5-D891E714CE51}.Debug|Any CPU.ActiveCfg = Debug|Any CPU
		{58D4BCBA-A85B-4242-8EC5-D891E714CE51}.Debug|Any CPU.Build.0 = Debug|Any CPU
		{58D4BCBA-A85B-4242-8EC5-D891E714CE51}.Release|Any CPU.ActiveCfg = Release|Any CPU
		{58D4BCBA-A85B-4242-8EC5-D891E714CE51}.Release|Any CPU.Build.0 = Release|Any CPU
	EndGlobalSection
	GlobalSection(SolutionProperties) = preSolution
		HideSolutionNode = FALSE
	EndGlobalSection
	GlobalSection(ExtensibilityGlobals) = postSolution
		SolutionGuid = {C6DDE372-F57F-4FBD-9EAF-3312EEF3C56F}
	EndGlobalSection
EndGlobal
